
Microsoft Visual Studio Solution File, Format Version 12.00
# Visual Studio Version 16
VisualStudioVersion = 16.0.28407.52
MinimumVisualStudioVersion = 10.0.40219.1
Project("{FAE04EC0-301F-11D3-BF4B-00C04F79EFBC}") = "LibZConfigCommon", "LibZConfigCommon\LibZConfigCommon.csproj", "{A86C3056-CCAA-4B12-BCB3-BF71CEE1386B}"
EndProject
Global
	GlobalSection(SolutionConfigurationPlatforms) = preSolution
		Debug|Any CPU = Debug|Any CPU
		Release|Any CPU = Release|Any CPU
	EndGlobalSection
	GlobalSection(ProjectConfigurationPlatforms) = postSolution
		{A86C3056-CCAA-4B12-BCB3-BF71CEE1386B}.Debug|Any CPU.ActiveCfg = Debug|Any CPU
		{A86C3056-CCAA-4B12-BCB3-BF71CEE1386B}.Debug|Any CPU.Build.0 = Debug|Any CPU
		{A86C3056-CCAA-4B12-BCB3-BF71CEE1386B}.Release|Any CPU.ActiveCfg = Release|Any CPU
		{A86C3056-CCAA-4B12-BCB3-BF71CEE1386B}.Release|Any CPU.Build.0 = Release|Any CPU
	EndGlobalSection
	GlobalSection(SolutionProperties) = preSolution
		HideSolutionNode = FALSE
	EndGlobalSection
	GlobalSection(ExtensibilityGlobals) = postSolution
		SolutionGuid = {336522A9-D29E-46DC-826F-8DF036D2B0C0}
	EndGlobalSection
EndGlobal
